// !$*UTF8*$!
{
	archiveVersion = 1;
	classes = {
	};
	objectVersion = 52;
	objects = {

/* Begin PBXBuildFile section */
		242BE2F00B8E518274B738A1 /* Pods_Flix.framework in Frameworks */ = {isa = PBXBuildFile; fileRef = 0BE7BABE6E0BE48261E9066B /* Pods_Flix.framework */; };
		69E6B2110FEDD5B36818B0B8 /* Pods_FlixTests.framework in Frameworks */ = {isa = PBXBuildFile; fileRef = 4A86825A8EA9405E1F330F51 /* Pods_FlixTests.framework */; };
		6F2AA4CD6EBDEB7185F655FF /* Pods_Flix_FlixUITests.framework in Frameworks */ = {isa = PBXBuildFile; fileRef = 3747DC92719C14F6B4B00C58 /* Pods_Flix_FlixUITests.framework */; };
		866F0AC126EAB6200035DE81 /* AppDelegate.swift in Sources */ = {isa = PBXBuildFile; fileRef = 866F0AC026EAB6200035DE81 /* AppDelegate.swift */; };
		866F0AC326EAB6200035DE81 /* SceneDelegate.swift in Sources */ = {isa = PBXBuildFile; fileRef = 866F0AC226EAB6200035DE81 /* SceneDelegate.swift */; };
		866F0AC826EAB6200035DE81 /* Main.storyboard in Resources */ = {isa = PBXBuildFile; fileRef = 866F0AC626EAB6200035DE81 /* Main.storyboard */; };
		866F0ACA26EAB6240035DE81 /* Assets.xcassets in Resources */ = {isa = PBXBuildFile; fileRef = 866F0AC926EAB6240035DE81 /* Assets.xcassets */; };
		866F0ACD26EAB6240035DE81 /* LaunchScreen.storyboard in Resources */ = {isa = PBXBuildFile; fileRef = 866F0ACB26EAB6240035DE81 /* LaunchScreen.storyboard */; };
		866F0AD826EAB6250035DE81 /* FlixTests.swift in Sources */ = {isa = PBXBuildFile; fileRef = 866F0AD726EAB6250035DE81 /* FlixTests.swift */; };
		866F0AE326EAB6250035DE81 /* FlixUITests.swift in Sources */ = {isa = PBXBuildFile; fileRef = 866F0AE226EAB6250035DE81 /* FlixUITests.swift */; };
		866F0AF126EB2D870035DE81 /* MoviesViewController.swift in Sources */ = {isa = PBXBuildFile; fileRef = 866F0AF026EB2D870035DE81 /* MoviesViewController.swift */; };
		866F0AF326EC75F10035DE81 /* MovieCell.swift in Sources */ = {isa = PBXBuildFile; fileRef = 866F0AF226EC75F10035DE81 /* MovieCell.swift */; };
		866F0AF626ED11A40035DE81 /* AlamofireImage in Frameworks */ = {isa = PBXBuildFile; productRef = 866F0AF526ED11A40035DE81 /* AlamofireImage */; };
/* End PBXBuildFile section */

/* Begin PBXContainerItemProxy section */
		866F0AD426EAB6250035DE81 /* PBXContainerItemProxy */ = {
			isa = PBXContainerItemProxy;
			containerPortal = 866F0AB526EAB6200035DE81 /* Project object */;
			proxyType = 1;
			remoteGlobalIDString = 866F0ABC26EAB6200035DE81;
			remoteInfo = Flix;
		};
		866F0ADF26EAB6250035DE81 /* PBXContainerItemProxy */ = {
			isa = PBXContainerItemProxy;
			containerPortal = 866F0AB526EAB6200035DE81 /* Project object */;
			proxyType = 1;
			remoteGlobalIDString = 866F0ABC26EAB6200035DE81;
			remoteInfo = Flix;
		};
/* End PBXContainerItemProxy section */

/* Begin PBXFileReference section */
		0BE7BABE6E0BE48261E9066B /* Pods_Flix.framework */ = {isa = PBXFileReference; explicitFileType = wrapper.framework; includeInIndex = 0; path = Pods_Flix.framework; sourceTree = BUILT_PRODUCTS_DIR; };
		14E05A454ACDC3AFD5C36EB0 /* Pods-Flix.debug.xcconfig */ = {isa = PBXFileReference; includeInIndex = 1; lastKnownFileType = text.xcconfig; name = "Pods-Flix.debug.xcconfig"; path = "Target Support Files/Pods-Flix/Pods-Flix.debug.xcconfig"; sourceTree = "<group>"; };
		3418DB550F8211B748B44886 /* Pods-Flix-FlixUITests.release.xcconfig */ = {isa = PBXFileReference; includeInIndex = 1; lastKnownFileType = text.xcconfig; name = "Pods-Flix-FlixUITests.release.xcconfig"; path = "Target Support Files/Pods-Flix-FlixUITests/Pods-Flix-FlixUITests.release.xcconfig"; sourceTree = "<group>"; };
		3747DC92719C14F6B4B00C58 /* Pods_Flix_FlixUITests.framework */ = {isa = PBXFileReference; explicitFileType = wrapper.framework; includeInIndex = 0; path = Pods_Flix_FlixUITests.framework; sourceTree = BUILT_PRODUCTS_DIR; };
		4A86825A8EA9405E1F330F51 /* Pods_FlixTests.framework */ = {isa = PBXFileReference; explicitFileType = wrapper.framework; includeInIndex = 0; path = Pods_FlixTests.framework; sourceTree = BUILT_PRODUCTS_DIR; };
		7FE0519B5A259649DA6F31CA /* Pods-FlixTests.release.xcconfig */ = {isa = PBXFileReference; includeInIndex = 1; lastKnownFileType = text.xcconfig; name = "Pods-FlixTests.release.xcconfig"; path = "Target Support Files/Pods-FlixTests/Pods-FlixTests.release.xcconfig"; sourceTree = "<group>"; };
		866F0ABD26EAB6200035DE81 /* Flix.app */ = {isa = PBXFileReference; explicitFileType = wrapper.application; includeInIndex = 0; path = Flix.app; sourceTree = BUILT_PRODUCTS_DIR; };
		866F0AC026EAB6200035DE81 /* AppDelegate.swift */ = {isa = PBXFileReference; lastKnownFileType = sourcecode.swift; path = AppDelegate.swift; sourceTree = "<group>"; };
		866F0AC226EAB6200035DE81 /* SceneDelegate.swift */ = {isa = PBXFileReference; lastKnownFileType = sourcecode.swift; path = SceneDelegate.swift; sourceTree = "<group>"; };
		866F0AC726EAB6200035DE81 /* Base */ = {isa = PBXFileReference; lastKnownFileType = file.storyboard; name = Base; path = Base.lproj/Main.storyboard; sourceTree = "<group>"; };
		866F0AC926EAB6240035DE81 /* Assets.xcassets */ = {isa = PBXFileReference; lastKnownFileType = folder.assetcatalog; path = Assets.xcassets; sourceTree = "<group>"; };
		866F0ACC26EAB6240035DE81 /* Base */ = {isa = PBXFileReference; lastKnownFileType = file.storyboard; name = Base; path = Base.lproj/LaunchScreen.storyboard; sourceTree = "<group>"; };
		866F0ACE26EAB6240035DE81 /* Info.plist */ = {isa = PBXFileReference; lastKnownFileType = text.plist.xml; path = Info.plist; sourceTree = "<group>"; };
		866F0AD326EAB6250035DE81 /* FlixTests.xctest */ = {isa = PBXFileReference; explicitFileType = wrapper.cfbundle; includeInIndex = 0; path = FlixTests.xctest; sourceTree = BUILT_PRODUCTS_DIR; };
		866F0AD726EAB6250035DE81 /* FlixTests.swift */ = {isa = PBXFileReference; lastKnownFileType = sourcecode.swift; path = FlixTests.swift; sourceTree = "<group>"; };
		866F0AD926EAB6250035DE81 /* Info.plist */ = {isa = PBXFileReference; lastKnownFileType = text.plist.xml; path = Info.plist; sourceTree = "<group>"; };
		866F0ADE26EAB6250035DE81 /* FlixUITests.xctest */ = {isa = PBXFileReference; explicitFileType = wrapper.cfbundle; includeInIndex = 0; path = FlixUITests.xctest; sourceTree = BUILT_PRODUCTS_DIR; };
		866F0AE226EAB6250035DE81 /* FlixUITests.swift */ = {isa = PBXFileReference; lastKnownFileType = sourcecode.swift; path = FlixUITests.swift; sourceTree = "<group>"; };
		866F0AE426EAB6250035DE81 /* Info.plist */ = {isa = PBXFileReference; lastKnownFileType = text.plist.xml; path = Info.plist; sourceTree = "<group>"; };
		866F0AF026EB2D870035DE81 /* MoviesViewController.swift */ = {isa = PBXFileReference; lastKnownFileType = sourcecode.swift; path = MoviesViewController.swift; sourceTree = "<group>"; };
		866F0AF226EC75F10035DE81 /* MovieCell.swift */ = {isa = PBXFileReference; lastKnownFileType = sourcecode.swift; path = MovieCell.swift; sourceTree = "<group>"; };
		AF572EC9B3FEAC4F4B485CC8 /* Pods-Flix.release.xcconfig */ = {isa = PBXFileReference; includeInIndex = 1; lastKnownFileType = text.xcconfig; name = "Pods-Flix.release.xcconfig"; path = "Target Support Files/Pods-Flix/Pods-Flix.release.xcconfig"; sourceTree = "<group>"; };
		B64838A407751BBD83196FC5 /* Pods-Flix-FlixUITests.debug.xcconfig */ = {isa = PBXFileReference; includeInIndex = 1; lastKnownFileType = text.xcconfig; name = "Pods-Flix-FlixUITests.debug.xcconfig"; path = "Target Support Files/Pods-Flix-FlixUITests/Pods-Flix-FlixUITests.debug.xcconfig"; sourceTree = "<group>"; };
		CAE62D1E42E74AFF6539324C /* Pods-FlixTests.debug.xcconfig */ = {isa = PBXFileReference; includeInIndex = 1; lastKnownFileType = text.xcconfig; name = "Pods-FlixTests.debug.xcconfig"; path = "Target Support Files/Pods-FlixTests/Pods-FlixTests.debug.xcconfig"; sourceTree = "<group>"; };
/* End PBXFileReference section */

/* Begin PBXFrameworksBuildPhase section */
		866F0ABA26EAB6200035DE81 /* Frameworks */ = {
			isa = PBXFrameworksBuildPhase;
			buildActionMask = 2147483647;
			files = (
				866F0AF626ED11A40035DE81 /* AlamofireImage in Frameworks */,
				242BE2F00B8E518274B738A1 /* Pods_Flix.framework in Frameworks */,
			);
			runOnlyForDeploymentPostprocessing = 0;
		};
		866F0AD026EAB6250035DE81 /* Frameworks */ = {
			isa = PBXFrameworksBuildPhase;
			buildActionMask = 2147483647;
			files = (
				69E6B2110FEDD5B36818B0B8 /* Pods_FlixTests.framework in Frameworks */,
			);
			runOnlyForDeploymentPostprocessing = 0;
		};
		866F0ADB26EAB6250035DE81 /* Frameworks */ = {
			isa = PBXFrameworksBuildPhase;
			buildActionMask = 2147483647;
			files = (
				6F2AA4CD6EBDEB7185F655FF /* Pods_Flix_FlixUITests.framework in Frameworks */,
			);
			runOnlyForDeploymentPostprocessing = 0;
		};
/* End PBXFrameworksBuildPhase section */

/* Begin PBXGroup section */
		6916D3EF74DD673852F28288 /* Frameworks */ = {
			isa = PBXGroup;
			children = (
				0BE7BABE6E0BE48261E9066B /* Pods_Flix.framework */,
				3747DC92719C14F6B4B00C58 /* Pods_Flix_FlixUITests.framework */,
				4A86825A8EA9405E1F330F51 /* Pods_FlixTests.framework */,
			);
			name = Frameworks;
			sourceTree = "<group>";
		};
		866F0AB426EAB6200035DE81 = {
			isa = PBXGroup;
			children = (
				866F0ABF26EAB6200035DE81 /* Flix */,
				866F0AD626EAB6250035DE81 /* FlixTests */,
				866F0AE126EAB6250035DE81 /* FlixUITests */,
				866F0ABE26EAB6200035DE81 /* Products */,
				8924043686C31581864B09AA /* Pods */,
				6916D3EF74DD673852F28288 /* Frameworks */,
			);
			sourceTree = "<group>";
		};
		866F0ABE26EAB6200035DE81 /* Products */ = {
			isa = PBXGroup;
			children = (
				866F0ABD26EAB6200035DE81 /* Flix.app */,
				866F0AD326EAB6250035DE81 /* FlixTests.xctest */,
				866F0ADE26EAB6250035DE81 /* FlixUITests.xctest */,
			);
			name = Products;
			sourceTree = "<group>";
		};
		866F0ABF26EAB6200035DE81 /* Flix */ = {
			isa = PBXGroup;
			children = (
				866F0AC026EAB6200035DE81 /* AppDelegate.swift */,
				866F0AC226EAB6200035DE81 /* SceneDelegate.swift */,
				866F0AC626EAB6200035DE81 /* Main.storyboard */,
				866F0AC926EAB6240035DE81 /* Assets.xcassets */,
				866F0ACB26EAB6240035DE81 /* LaunchScreen.storyboard */,
				866F0ACE26EAB6240035DE81 /* Info.plist */,
				866F0AF026EB2D870035DE81 /* MoviesViewController.swift */,
				866F0AF226EC75F10035DE81 /* MovieCell.swift */,
			);
			path = Flix;
			sourceTree = "<group>";
		};
		866F0AD626EAB6250035DE81 /* FlixTests */ = {
			isa = PBXGroup;
			children = (
				866F0AD726EAB6250035DE81 /* FlixTests.swift */,
				866F0AD926EAB6250035DE81 /* Info.plist */,
			);
			path = FlixTests;
			sourceTree = "<group>";
		};
		866F0AE126EAB6250035DE81 /* FlixUITests */ = {
			isa = PBXGroup;
			children = (
				866F0AE226EAB6250035DE81 /* FlixUITests.swift */,
				866F0AE426EAB6250035DE81 /* Info.plist */,
			);
			path = FlixUITests;
			sourceTree = "<group>";
		};
		8924043686C31581864B09AA /* Pods */ = {
			isa = PBXGroup;
			children = (
				14E05A454ACDC3AFD5C36EB0 /* Pods-Flix.debug.xcconfig */,
				AF572EC9B3FEAC4F4B485CC8 /* Pods-Flix.release.xcconfig */,
				B64838A407751BBD83196FC5 /* Pods-Flix-FlixUITests.debug.xcconfig */,
				3418DB550F8211B748B44886 /* Pods-Flix-FlixUITests.release.xcconfig */,
				CAE62D1E42E74AFF6539324C /* Pods-FlixTests.debug.xcconfig */,
				7FE0519B5A259649DA6F31CA /* Pods-FlixTests.release.xcconfig */,
			);
			name = Pods;
			path = Pods;
			sourceTree = "<group>";
		};
/* End PBXGroup section */

/* Begin PBXNativeTarget section */
		866F0ABC26EAB6200035DE81 /* Flix */ = {
			isa = PBXNativeTarget;
			buildConfigurationList = 866F0AE726EAB6250035DE81 /* Build configuration list for PBXNativeTarget "Flix" */;
			buildPhases = (
				2FD1850B5B3D9D3F5DB1DB16 /* [CP] Check Pods Manifest.lock */,
				866F0AB926EAB6200035DE81 /* Sources */,
				866F0ABA26EAB6200035DE81 /* Frameworks */,
				866F0ABB26EAB6200035DE81 /* Resources */,
				DC81D8B74E24B6183CDB9258 /* [CP] Embed Pods Frameworks */,
			);
			buildRules = (
			);
			dependencies = (
			);
			name = Flix;
			packageProductDependencies = (
				866F0AF526ED11A40035DE81 /* AlamofireImage */,
			);
			productName = Flix;
			productReference = 866F0ABD26EAB6200035DE81 /* Flix.app */;
			productType = "com.apple.product-type.application";
		};
		866F0AD226EAB6250035DE81 /* FlixTests */ = {
			isa = PBXNativeTarget;
			buildConfigurationList = 866F0AEA26EAB6250035DE81 /* Build configuration list for PBXNativeTarget "FlixTests" */;
			buildPhases = (
				75B2DFB430DE6D149C14C200 /* [CP] Check Pods Manifest.lock */,
				866F0ACF26EAB6250035DE81 /* Sources */,
				866F0AD026EAB6250035DE81 /* Frameworks */,
				866F0AD126EAB6250035DE81 /* Resources */,
			);
			buildRules = (
			);
			dependencies = (
				866F0AD526EAB6250035DE81 /* PBXTargetDependency */,
			);
			name = FlixTests;
			productName = FlixTests;
			productReference = 866F0AD326EAB6250035DE81 /* FlixTests.xctest */;
			productType = "com.apple.product-type.bundle.unit-test";
		};
		866F0ADD26EAB6250035DE81 /* FlixUITests */ = {
			isa = PBXNativeTarget;
			buildConfigurationList = 866F0AED26EAB6250035DE81 /* Build configuration list for PBXNativeTarget "FlixUITests" */;
			buildPhases = (
				8F16879E4D6AC31633C9E54B /* [CP] Check Pods Manifest.lock */,
				866F0ADA26EAB6250035DE81 /* Sources */,
				866F0ADB26EAB6250035DE81 /* Frameworks */,
				866F0ADC26EAB6250035DE81 /* Resources */,
				52141AC088FE86A9094DA1CF /* [CP] Embed Pods Frameworks */,
			);
			buildRules = (
			);
			dependencies = (
				866F0AE026EAB6250035DE81 /* PBXTargetDependency */,
			);
			name = FlixUITests;
			productName = FlixUITests;
			productReference = 866F0ADE26EAB6250035DE81 /* FlixUITests.xctest */;
			productType = "com.apple.product-type.bundle.ui-testing";
		};
/* End PBXNativeTarget section */

/* Begin PBXProject section */
		866F0AB526EAB6200035DE81 /* Project object */ = {
			isa = PBXProject;
			attributes = {
				LastSwiftUpdateCheck = 1250;
				LastUpgradeCheck = 1250;
				TargetAttributes = {
					866F0ABC26EAB6200035DE81 = {
						CreatedOnToolsVersion = 12.5.1;
					};
					866F0AD226EAB6250035DE81 = {
						CreatedOnToolsVersion = 12.5.1;
						TestTargetID = 866F0ABC26EAB6200035DE81;
					};
					866F0ADD26EAB6250035DE81 = {
						CreatedOnToolsVersion = 12.5.1;
						TestTargetID = 866F0ABC26EAB6200035DE81;
					};
				};
			};
			buildConfigurationList = 866F0AB826EAB6200035DE81 /* Build configuration list for PBXProject "Flix" */;
			compatibilityVersion = "Xcode 9.3";
			developmentRegion = en;
			hasScannedForEncodings = 0;
			knownRegions = (
				en,
				Base,
			);
			mainGroup = 866F0AB426EAB6200035DE81;
			packageReferences = (
				866F0AF426ED11A40035DE81 /* XCRemoteSwiftPackageReference "AlamofireImage" */,
			);
			productRefGroup = 866F0ABE26EAB6200035DE81 /* Products */;
			projectDirPath = "";
			projectRoot = "";
			targets = (
				866F0ABC26EAB6200035DE81 /* Flix */,
				866F0AD226EAB6250035DE81 /* FlixTests */,
				866F0ADD26EAB6250035DE81 /* FlixUITests */,
			);
		};
/* End PBXProject section */

/* Begin PBXResourcesBuildPhase section */
		866F0ABB26EAB6200035DE81 /* Resources */ = {
			isa = PBXResourcesBuildPhase;
			buildActionMask = 2147483647;
			files = (
				866F0ACD26EAB6240035DE81 /* LaunchScreen.storyboard in Resources */,
				866F0ACA26EAB6240035DE81 /* Assets.xcassets in Resources */,
				866F0AC826EAB6200035DE81 /* Main.storyboard in Resources */,
			);
			runOnlyForDeploymentPostprocessing = 0;
		};
		866F0AD126EAB6250035DE81 /* Resources */ = {
			isa = PBXResourcesBuildPhase;
			buildActionMask = 2147483647;
			files = (
			);
			runOnlyForDeploymentPostprocessing = 0;
		};
		866F0ADC26EAB6250035DE81 /* Resources */ = {
			isa = PBXResourcesBuildPhase;
			buildActionMask = 2147483647;
			files = (
			);
			runOnlyForDeploymentPostprocessing = 0;
		};
/* End PBXResourcesBuildPhase section */

/* Begin PBXShellScriptBuildPhase section */
		2FD1850B5B3D9D3F5DB1DB16 /* [CP] Check Pods Manifest.lock */ = {
			isa = PBXShellScriptBuildPhase;
			buildActionMask = 2147483647;
			files = (
			);
			inputFileListPaths = (
			);
			inputPaths = (
				"${PODS_PODFILE_DIR_PATH}/Podfile.lock",
				"${PODS_ROOT}/Manifest.lock",
			);
			name = "[CP] Check Pods Manifest.lock";
			outputFileListPaths = (
			);
			outputPaths = (
				"$(DERIVED_FILE_DIR)/Pods-Flix-checkManifestLockResult.txt",
			);
			runOnlyForDeploymentPostprocessing = 0;
			shellPath = /bin/sh;
			shellScript = "diff \"${PODS_PODFILE_DIR_PATH}/Podfile.lock\" \"${PODS_ROOT}/Manifest.lock\" > /dev/null\nif [ $? != 0 ] ; then\n    # print error to STDERR\n    echo \"error: The sandbox is not in sync with the Podfile.lock. Run 'pod install' or update your CocoaPods installation.\" >&2\n    exit 1\nfi\n# This output is used by Xcode 'outputs' to avoid re-running this script phase.\necho \"SUCCESS\" > \"${SCRIPT_OUTPUT_FILE_0}\"\n";
			showEnvVarsInLog = 0;
		};
		52141AC088FE86A9094DA1CF /* [CP] Embed Pods Frameworks */ = {
			isa = PBXShellScriptBuildPhase;
			buildActionMask = 2147483647;
			files = (
			);
			inputFileListPaths = (
				"${PODS_ROOT}/Target Support Files/Pods-Flix-FlixUITests/Pods-Flix-FlixUITests-frameworks-${CONFIGURATION}-input-files.xcfilelist",
			);
			name = "[CP] Embed Pods Frameworks";
			outputFileListPaths = (
				"${PODS_ROOT}/Target Support Files/Pods-Flix-FlixUITests/Pods-Flix-FlixUITests-frameworks-${CONFIGURATION}-output-files.xcfilelist",
			);
			runOnlyForDeploymentPostprocessing = 0;
			shellPath = /bin/sh;
			shellScript = "\"${PODS_ROOT}/Target Support Files/Pods-Flix-FlixUITests/Pods-Flix-FlixUITests-frameworks.sh\"\n";
			showEnvVarsInLog = 0;
		};
		75B2DFB430DE6D149C14C200 /* [CP] Check Pods Manifest.lock */ = {
			isa = PBXShellScriptBuildPhase;
			buildActionMask = 2147483647;
			files = (
			);
			inputFileListPaths = (
			);
			inputPaths = (
				"${PODS_PODFILE_DIR_PATH}/Podfile.lock",
				"${PODS_ROOT}/Manifest.lock",
			);
			name = "[CP] Check Pods Manifest.lock";
			outputFileListPaths = (
			);
			outputPaths = (
				"$(DERIVED_FILE_DIR)/Pods-FlixTests-checkManifestLockResult.txt",
			);
			runOnlyForDeploymentPostprocessing = 0;
			shellPath = /bin/sh;
			shellScript = "diff \"${PODS_PODFILE_DIR_PATH}/Podfile.lock\" \"${PODS_ROOT}/Manifest.lock\" > /dev/null\nif [ $? != 0 ] ; then\n    # print error to STDERR\n    echo \"error: The sandbox is not in sync with the Podfile.lock. Run 'pod install' or update your CocoaPods installation.\" >&2\n    exit 1\nfi\n# This output is used by Xcode 'outputs' to avoid re-running this script phase.\necho \"SUCCESS\" > \"${SCRIPT_OUTPUT_FILE_0}\"\n";
			showEnvVarsInLog = 0;
		};
		8F16879E4D6AC31633C9E54B /* [CP] Check Pods Manifest.lock */ = {
			isa = PBXShellScriptBuildPhase;
			buildActionMask = 2147483647;
			files = (
			);
			inputFileListPaths = (
			);
			inputPaths = (
				"${PODS_PODFILE_DIR_PATH}/Podfile.lock",
				"${PODS_ROOT}/Manifest.lock",
			);
			name = "[CP] Check Pods Manifest.lock";
			outputFileListPaths = (
			);
			outputPaths = (
				"$(DERIVED_FILE_DIR)/Pods-Flix-FlixUITests-checkManifestLockResult.txt",
			);
			runOnlyForDeploymentPostprocessing = 0;
			shellPath = /bin/sh;
			shellScript = "diff \"${PODS_PODFILE_DIR_PATH}/Podfile.lock\" \"${PODS_ROOT}/Manifest.lock\" > /dev/null\nif [ $? != 0 ] ; then\n    # print error to STDERR\n    echo \"error: The sandbox is not in sync with the Podfile.lock. Run 'pod install' or update your CocoaPods installation.\" >&2\n    exit 1\nfi\n# This output is used by Xcode 'outputs' to avoid re-running this script phase.\necho \"SUCCESS\" > \"${SCRIPT_OUTPUT_FILE_0}\"\n";
			showEnvVarsInLog = 0;
		};
		DC81D8B74E24B6183CDB9258 /* [CP] Embed Pods Frameworks */ = {
			isa = PBXShellScriptBuildPhase;
			buildActionMask = 2147483647;
			files = (
			);
			inputFileListPaths = (
				"${PODS_ROOT}/Target Support Files/Pods-Flix/Pods-Flix-frameworks-${CONFIGURATION}-input-files.xcfilelist",
			);
			name = "[CP] Embed Pods Frameworks";
			outputFileListPaths = (
				"${PODS_ROOT}/Target Support Files/Pods-Flix/Pods-Flix-frameworks-${CONFIGURATION}-output-files.xcfilelist",
			);
			runOnlyForDeploymentPostprocessing = 0;
			shellPath = /bin/sh;
			shellScript = "\"${PODS_ROOT}/Target Support Files/Pods-Flix/Pods-Flix-frameworks.sh\"\n";
			showEnvVarsInLog = 0;
		};
/* End PBXShellScriptBuildPhase section */

/* Begin PBXSourcesBuildPhase section */
		866F0AB926EAB6200035DE81 /* Sources */ = {
			isa = PBXSourcesBuildPhase;
			buildActionMask = 2147483647;
			files = (
				866F0AC126EAB6200035DE81 /* AppDelegate.swift in Sources */,
				866F0AC326EAB6200035DE81 /* SceneDelegate.swift in Sources */,
				866F0AF326EC75F10035DE81 /* MovieCell.swift in Sources */,
				866F0AF126EB2D870035DE81 /* MoviesViewController.swift in Sources */,
			);
			runOnlyForDeploymentPostprocessing = 0;
		};
		866F0ACF26EAB6250035DE81 /* Sources */ = {
			isa = PBXSourcesBuildPhase;
			buildActionMask = 2147483647;
			files = (
				866F0AD826EAB6250035DE81 /* FlixTests.swift in Sources */,
			);
			runOnlyForDeploymentPostprocessing = 0;
		};
		866F0ADA26EAB6250035DE81 /* Sources */ = {
			isa = PBXSourcesBuildPhase;
			buildActionMask = 2147483647;
			files = (
				866F0AE326EAB6250035DE81 /* FlixUITests.swift in Sources */,
			);
			runOnlyForDeploymentPostprocessing = 0;
		};
/* End PBXSourcesBuildPhase section */

/* Begin PBXTargetDependency section */
		866F0AD526EAB6250035DE81 /* PBXTargetDependency */ = {
			isa = PBXTargetDependency;
			target = 866F0ABC26EAB6200035DE81 /* Flix */;
			targetProxy = 866F0AD426EAB6250035DE81 /* PBXContainerItemProxy */;
		};
		866F0AE026EAB6250035DE81 /* PBXTargetDependency */ = {
			isa = PBXTargetDependency;
			target = 866F0ABC26EAB6200035DE81 /* Flix */;
			targetProxy = 866F0ADF26EAB6250035DE81 /* PBXContainerItemProxy */;
		};
/* End PBXTargetDependency section */

/* Begin PBXVariantGroup section */
		866F0AC626EAB6200035DE81 /* Main.storyboard */ = {
			isa = PBXVariantGroup;
			children = (
				866F0AC726EAB6200035DE81 /* Base */,
			);
			name = Main.storyboard;
			sourceTree = "<group>";
		};
		866F0ACB26EAB6240035DE81 /* LaunchScreen.storyboard */ = {
			isa = PBXVariantGroup;
			children = (
				866F0ACC26EAB6240035DE81 /* Base */,
			);
			name = LaunchScreen.storyboard;
			sourceTree = "<group>";
		};
/* End PBXVariantGroup section */

/* Begin XCBuildConfiguration section */
		866F0AE526EAB6250035DE81 /* Debug */ = {
			isa = XCBuildConfiguration;
			buildSettings = {
				ALWAYS_SEARCH_USER_PATHS = NO;
				CLANG_ANALYZER_NONNULL = YES;
				CLANG_ANALYZER_NUMBER_OBJECT_CONVERSION = YES_AGGRESSIVE;
				CLANG_CXX_LANGUAGE_STANDARD = "gnu++14";
				CLANG_CXX_LIBRARY = "libc++";
				CLANG_ENABLE_MODULES = YES;
				CLANG_ENABLE_OBJC_ARC = YES;
				CLANG_ENABLE_OBJC_WEAK = YES;
				CLANG_WARN_BLOCK_CAPTURE_AUTORELEASING = YES;
				CLANG_WARN_BOOL_CONVERSION = YES;
				CLANG_WARN_COMMA = YES;
				CLANG_WARN_CONSTANT_CONVERSION = YES;
				CLANG_WARN_DEPRECATED_OBJC_IMPLEMENTATIONS = YES;
				CLANG_WARN_DIRECT_OBJC_ISA_USAGE = YES_ERROR;
				CLANG_WARN_DOCUMENTATION_COMMENTS = YES;
				CLANG_WARN_EMPTY_BODY = YES;
				CLANG_WARN_ENUM_CONVERSION = YES;
				CLANG_WARN_INFINITE_RECURSION = YES;
				CLANG_WARN_INT_CONVERSION = YES;
				CLANG_WARN_NON_LITERAL_NULL_CONVERSION = YES;
				CLANG_WARN_OBJC_IMPLICIT_RETAIN_SELF = YES;
				CLANG_WARN_OBJC_LITERAL_CONVERSION = YES;
				CLANG_WARN_OBJC_ROOT_CLASS = YES_ERROR;
				CLANG_WARN_QUOTED_INCLUDE_IN_FRAMEWORK_HEADER = YES;
				CLANG_WARN_RANGE_LOOP_ANALYSIS = YES;
				CLANG_WARN_STRICT_PROTOTYPES = YES;
				CLANG_WARN_SUSPICIOUS_MOVE = YES;
				CLANG_WARN_UNGUARDED_AVAILABILITY = YES_AGGRESSIVE;
				CLANG_WARN_UNREACHABLE_CODE = YES;
				CLANG_WARN__DUPLICATE_METHOD_MATCH = YES;
				COPY_PHASE_STRIP = NO;
				DEBUG_INFORMATION_FORMAT = dwarf;
				ENABLE_STRICT_OBJC_MSGSEND = YES;
				ENABLE_TESTABILITY = YES;
				GCC_C_LANGUAGE_STANDARD = gnu11;
				GCC_DYNAMIC_NO_PIC = NO;
				GCC_NO_COMMON_BLOCKS = YES;
				GCC_OPTIMIZATION_LEVEL = 0;
				GCC_PREPROCESSOR_DEFINITIONS = (
					"DEBUG=1",
					"$(inherited)",
				);
				GCC_WARN_64_TO_32_BIT_CONVERSION = YES;
				GCC_WARN_ABOUT_RETURN_TYPE = YES_ERROR;
				GCC_WARN_UNDECLARED_SELECTOR = YES;
				GCC_WARN_UNINITIALIZED_AUTOS = YES_AGGRESSIVE;
				GCC_WARN_UNUSED_FUNCTION = YES;
				GCC_WARN_UNUSED_VARIABLE = YES;
				IPHONEOS_DEPLOYMENT_TARGET = 14.5;
				MTL_ENABLE_DEBUG_INFO = INCLUDE_SOURCE;
				MTL_FAST_MATH = YES;
				ONLY_ACTIVE_ARCH = YES;
				SDKROOT = iphoneos;
				SWIFT_ACTIVE_COMPILATION_CONDITIONS = DEBUG;
				SWIFT_OPTIMIZATION_LEVEL = "-Onone";
			};
			name = Debug;
		};
		866F0AE626EAB6250035DE81 /* Release */ = {
			isa = XCBuildConfiguration;
			buildSettings = {
				ALWAYS_SEARCH_USER_PATHS = NO;
				CLANG_ANALYZER_NONNULL = YES;
				CLANG_ANALYZER_NUMBER_OBJECT_CONVERSION = YES_AGGRESSIVE;
				CLANG_CXX_LANGUAGE_STANDARD = "gnu++14";
				CLANG_CXX_LIBRARY = "libc++";
				CLANG_ENABLE_MODULES = YES;
				CLANG_ENABLE_OBJC_ARC = YES;
				CLANG_ENABLE_OBJC_WEAK = YES;
				CLANG_WARN_BLOCK_CAPTURE_AUTORELEASING = YES;
				CLANG_WARN_BOOL_CONVERSION = YES;
				CLANG_WARN_COMMA = YES;
				CLANG_WARN_CONSTANT_CONVERSION = YES;
				CLANG_WARN_DEPRECATED_OBJC_IMPLEMENTATIONS = YES;
				CLANG_WARN_DIRECT_OBJC_ISA_USAGE = YES_ERROR;
				CLANG_WARN_DOCUMENTATION_COMMENTS = YES;
				CLANG_WARN_EMPTY_BODY = YES;
				CLANG_WARN_ENUM_CONVERSION = YES;
				CLANG_WARN_INFINITE_RECURSION = YES;
				CLANG_WARN_INT_CONVERSION = YES;
				CLANG_WARN_NON_LITERAL_NULL_CONVERSION = YES;
				CLANG_WARN_OBJC_IMPLICIT_RETAIN_SELF = YES;
				CLANG_WARN_OBJC_LITERAL_CONVERSION = YES;
				CLANG_WARN_OBJC_ROOT_CLASS = YES_ERROR;
				CLANG_WARN_QUOTED_INCLUDE_IN_FRAMEWORK_HEADER = YES;
				CLANG_WARN_RANGE_LOOP_ANALYSIS = YES;
				CLANG_WARN_STRICT_PROTOTYPES = YES;
				CLANG_WARN_SUSPICIOUS_MOVE = YES;
				CLANG_WARN_UNGUARDED_AVAILABILITY = YES_AGGRESSIVE;
				CLANG_WARN_UNREACHABLE_CODE = YES;
				CLANG_WARN__DUPLICATE_METHOD_MATCH = YES;
				COPY_PHASE_STRIP = NO;
				DEBUG_INFORMATION_FORMAT = "dwarf-with-dsym";
				ENABLE_NS_ASSERTIONS = NO;
				ENABLE_STRICT_OBJC_MSGSEND = YES;
				GCC_C_LANGUAGE_STANDARD = gnu11;
				GCC_NO_COMMON_BLOCKS = YES;
				GCC_WARN_64_TO_32_BIT_CONVERSION = YES;
				GCC_WARN_ABOUT_RETURN_TYPE = YES_ERROR;
				GCC_WARN_UNDECLARED_SELECTOR = YES;
				GCC_WARN_UNINITIALIZED_AUTOS = YES_AGGRESSIVE;
				GCC_WARN_UNUSED_FUNCTION = YES;
				GCC_WARN_UNUSED_VARIABLE = YES;
				IPHONEOS_DEPLOYMENT_TARGET = 14.5;
				MTL_ENABLE_DEBUG_INFO = NO;
				MTL_FAST_MATH = YES;
				SDKROOT = iphoneos;
				SWIFT_COMPILATION_MODE = wholemodule;
				SWIFT_OPTIMIZATION_LEVEL = "-O";
				VALIDATE_PRODUCT = YES;
			};
			name = Release;
		};
		866F0AE826EAB6250035DE81 /* Debug */ = {
			isa = XCBuildConfiguration;
			baseConfigurationReference = 14E05A454ACDC3AFD5C36EB0 /* Pods-Flix.debug.xcconfig */;
			buildSettings = {
				ASSETCATALOG_COMPILER_APPICON_NAME = AppIcon;
				ASSETCATALOG_COMPILER_GLOBAL_ACCENT_COLOR_NAME = AccentColor;
				CODE_SIGN_STYLE = Automatic;
				INFOPLIST_FILE = Flix/Info.plist;
				LD_RUNPATH_SEARCH_PATHS = (
					"$(inherited)",
					"@executable_path/Frameworks",
				);
				PRODUCT_BUNDLE_IDENTIFIER = nikkimay09.Flix;
				PRODUCT_NAME = "$(TARGET_NAME)";
				SWIFT_VERSION = 5.0;
				TARGETED_DEVICE_FAMILY = "1,2";
			};
			name = Debug;
		};
		866F0AE926EAB6250035DE81 /* Release */ = {
			isa = XCBuildConfiguration;
			baseConfigurationReference = AF572EC9B3FEAC4F4B485CC8 /* Pods-Flix.release.xcconfig */;
			buildSettings = {
				ASSETCATALOG_COMPILER_APPICON_NAME = AppIcon;
				ASSETCATALOG_COMPILER_GLOBAL_ACCENT_COLOR_NAME = AccentColor;
				CODE_SIGN_STYLE = Automatic;
				INFOPLIST_FILE = Flix/Info.plist;
				LD_RUNPATH_SEARCH_PATHS = (
					"$(inherited)",
					"@executable_path/Frameworks",
				);
				PRODUCT_BUNDLE_IDENTIFIER = nikkimay09.Flix;
				PRODUCT_NAME = "$(TARGET_NAME)";
				SWIFT_VERSION = 5.0;
				TARGETED_DEVICE_FAMILY = "1,2";
			};
			name = Release;
		};
		866F0AEB26EAB6250035DE81 /* Debug */ = {
			isa = XCBuildConfiguration;
			baseConfigurationReference = CAE62D1E42E74AFF6539324C /* Pods-FlixTests.debug.xcconfig */;
			buildSettings = {
				ALWAYS_EMBED_SWIFT_STANDARD_LIBRARIES = YES;
				BUNDLE_LOADER = "$(TEST_HOST)";
				CODE_SIGN_STYLE = Automatic;
				INFOPLIST_FILE = FlixTests/Info.plist;
				IPHONEOS_DEPLOYMENT_TARGET = 14.5;
				LD_RUNPATH_SEARCH_PATHS = (
					"$(inherited)",
					"@executable_path/Frameworks",
					"@loader_path/Frameworks",
				);
				PRODUCT_BUNDLE_IDENTIFIER = nikkimay09.FlixTests;
				PRODUCT_NAME = "$(TARGET_NAME)";
				SWIFT_VERSION = 5.0;
				TARGETED_DEVICE_FAMILY = "1,2";
				TEST_HOST = "$(BUILT_PRODUCTS_DIR)/Flix.app/Flix";
			};
			name = Debug;
		};
		866F0AEC26EAB6250035DE81 /* Release */ = {
			isa = XCBuildConfiguration;
			baseConfigurationReference = 7FE0519B5A259649DA6F31CA /* Pods-FlixTests.release.xcconfig */;
			buildSettings = {
				ALWAYS_EMBED_SWIFT_STANDARD_LIBRARIES = YES;
				BUNDLE_LOADER = "$(TEST_HOST)";
				CODE_SIGN_STYLE = Automatic;
				INFOPLIST_FILE = FlixTests/Info.plist;
				IPHONEOS_DEPLOYMENT_TARGET = 14.5;
				LD_RUNPATH_SEARCH_PATHS = (
					"$(inherited)",
					"@executable_path/Frameworks",
					"@loader_path/Frameworks",
				);
				PRODUCT_BUNDLE_IDENTIFIER = nikkimay09.FlixTests;
				PRODUCT_NAME = "$(TARGET_NAME)";
				SWIFT_VERSION = 5.0;
				TARGETED_DEVICE_FAMILY = "1,2";
				TEST_HOST = "$(BUILT_PRODUCTS_DIR)/Flix.app/Flix";
			};
			name = Release;
		};
		866F0AEE26EAB6250035DE81 /* Debug */ = {
			isa = XCBuildConfiguration;
			baseConfigurationReference = B64838A407751BBD83196FC5 /* Pods-Flix-FlixUITests.debug.xcconfig */;
			buildSettings = {
				ALWAYS_EMBED_SWIFT_STANDARD_LIBRARIES = YES;
				CODE_SIGN_STYLE = Automatic;
				INFOPLIST_FILE = FlixUITests/Info.plist;
				LD_RUNPATH_SEARCH_PATHS = (
					"$(inherited)",
					"@executable_path/Frameworks",
					"@loader_path/Frameworks",
				);
				PRODUCT_BUNDLE_IDENTIFIER = nikkimay09.FlixUITests;
				PRODUCT_NAME = "$(TARGET_NAME)";
				SWIFT_VERSION = 5.0;
				TARGETED_DEVICE_FAMILY = "1,2";
				TEST_TARGET_NAME = Flix;
			};
			name = Debug;
		};
		866F0AEF26EAB6250035DE81 /* Release */ = {
			isa = XCBuildConfiguration;
			baseConfigurationReference = 3418DB550F8211B748B44886 /* Pods-Flix-FlixUITests.release.xcconfig */;
			buildSettings = {
				ALWAYS_EMBED_SWIFT_STANDARD_LIBRARIES = YES;
				CODE_SIGN_STYLE = Automatic;
				INFOPLIST_FILE = FlixUITests/Info.plist;
				LD_RUNPATH_SEARCH_PATHS = (
					"$(inherited)",
					"@executable_path/Frameworks",
					"@loader_path/Frameworks",
				);
				PRODUCT_BUNDLE_IDENTIFIER = nikkimay09.FlixUITests;
				PRODUCT_NAME = "$(TARGET_NAME)";
				SWIFT_VERSION = 5.0;
				TARGETED_DEVICE_FAMILY = "1,2";
				TEST_TARGET_NAME = Flix;
			};
			name = Release;
		};
/* End XCBuildConfiguration section */

/* Begin XCConfigurationList section */
		866F0AB826EAB6200035DE81 /* Build configuration list for PBXProject "Flix" */ = {
			isa = XCConfigurationList;
			buildConfigurations = (
				866F0AE526EAB6250035DE81 /* Debug */,
				866F0AE626EAB6250035DE81 /* Release */,
			);
			defaultConfigurationIsVisible = 0;
			defaultConfigurationName = Release;
		};
		866F0AE726EAB6250035DE81 /* Build configuration list for PBXNativeTarget "Flix" */ = {
			isa = XCConfigurationList;
			buildConfigurations = (
				866F0AE826EAB6250035DE81 /* Debug */,
				866F0AE926EAB6250035DE81 /* Release */,
			);
			defaultConfigurationIsVisible = 0;
			defaultConfigurationName = Release;
		};
		866F0AEA26EAB6250035DE81 /* Build configuration list for PBXNativeTarget "FlixTests" */ = {
			isa = XCConfigurationList;
			buildConfigurations = (
				866F0AEB26EAB6250035DE81 /* Debug */,
				866F0AEC26EAB6250035DE81 /* Release */,
			);
			defaultConfigurationIsVisible = 0;
			defaultConfigurationName = Release;
		};
		866F0AED26EAB6250035DE81 /* Build configuration list for PBXNativeTarget "FlixUITests" */ = {
			isa = XCConfigurationList;
			buildConfigurations = (
				866F0AEE26EAB6250035DE81 /* Debug */,
				866F0AEF26EAB6250035DE81 /* Release */,
			);
			defaultConfigurationIsVisible = 0;
			defaultConfigurationName = Release;
		};
/* End XCConfigurationList section */

/* Begin XCRemoteSwiftPackageReference section */
		866F0AF426ED11A40035DE81 /* XCRemoteSwiftPackageReference "AlamofireImage" */ = {
			isa = XCRemoteSwiftPackageReference;
			repositoryURL = "https://github.com/Alamofire/AlamofireImage";
			requirement = {
				kind = upToNextMajorVersion;
				minimumVersion = 4.2.0;
			};
		};
/* End XCRemoteSwiftPackageReference section */

/* Begin XCSwiftPackageProductDependency section */
		866F0AF526ED11A40035DE81 /* AlamofireImage */ = {
			isa = XCSwiftPackageProductDependency;
			package = 866F0AF426ED11A40035DE81 /* XCRemoteSwiftPackageReference "AlamofireImage" */;
			productName = AlamofireImage;
		};
/* End XCSwiftPackageProductDependency section */
	};
	rootObject = 866F0AB526EAB6200035DE81 /* Project object */;
}
