// !$*UTF8*$!
{
	archiveVersion = 1;
	classes = {
	};
	objectVersion = 50;
	objects = {

/* Begin PBXBuildFile section */
		866F0AC126EAB6200035DE81 /* AppDelegate.swift in Sources */ = {isa = PBXBuildFile; fileRef = 866F0AC026EAB6200035DE81 /* AppDelegate.swift */; };
		866F0AC326EAB6200035DE81 /* SceneDelegate.swift in Sources */ = {isa = PBXBuildFile; fileRef = 866F0AC226EAB6200035DE81 /* SceneDelegate.swift */; };
		866F0AC526EAB6200035DE81 /* ViewController.swift in Sources */ = {isa = PBXBuildFile; fileRef = 866F0AC426EAB6200035DE81 /* ViewController.swift */; };
		866F0AC826EAB6200035DE81 /* Main.storyboard in Resources */ = {isa = PBXBuildFile; fileRef = 866F0AC626EAB6200035DE81 /* Main.storyboard */; };
		866F0ACA26EAB6240035DE81 /* Assets.xcassets in Resources */ = {isa = PBXBuildFile; fileRef = 866F0AC926EAB6240035DE81 /* Assets.xcassets */; };
		866F0ACD26EAB6240035DE81 /* LaunchScreen.storyboard in Resources */ = {isa = PBXBuildFile; fileRef = 866F0ACB26EAB6240035DE81 /* LaunchScreen.storyboard */; };
		866F0AD826EAB6250035DE81 /* FlixTests.swift in Sources */ = {isa = PBXBuildFile; fileRef = 866F0AD726EAB6250035DE81 /* FlixTests.swift */; };
		866F0AE326EAB6250035DE81 /* FlixUITests.swift in Sources */ = {isa = PBXBuildFile; fileRef = 866F0AE226EAB6250035DE81 /* FlixUITests.swift */; };
/* End PBXBuildFile section */

/* Begin PBXContainerItemProxy section */
		866F0AD426EAB6250035DE81 /* PBXContainerItemProxy */ = {
			isa = PBXContainerItemProxy;
			containerPortal = 866F0AB526EAB6200035DE81 /* Project object */;
			proxyType = 1;
			remoteGlobalIDString = 866F0ABC26EAB6200035DE81;
			remoteInfo = Flix;
		};
		866F0ADF26EAB6250035DE81 /* PBXContainerItemProxy */ = {
			isa = PBXContainerItemProxy;
			containerPortal = 866F0AB526EAB6200035DE81 /* Project object */;
			proxyType = 1;
			remoteGlobalIDString = 866F0ABC26EAB6200035DE81;
			remoteInfo = Flix;
		};
/* End PBXContainerItemProxy section */

/* Begin PBXFileReference section */
		866F0ABD26EAB6200035DE81 /* Flix.app */ = {isa = PBXFileReference; explicitFileType = wrapper.application; includeInIndex = 0; path = Flix.app; sourceTree = BUILT_PRODUCTS_DIR; };
		866F0AC026EAB6200035DE81 /* AppDelegate.swift */ = {isa = PBXFileReference; lastKnownFileType = sourcecode.swift; path = AppDelegate.swift; sourceTree = "<group>"; };
		866F0AC226EAB6200035DE81 /* SceneDelegate.swift */ = {isa = PBXFileReference; lastKnownFileType = sourcecode.swift; path = SceneDelegate.swift; sourceTree = "<group>"; };
		866F0AC426EAB6200035DE81 /* ViewController.swift */ = {isa = PBXFileReference; lastKnownFileType = sourcecode.swift; path = ViewController.swift; sourceTree = "<group>"; };
		866F0AC726EAB6200035DE81 /* Base */ = {isa = PBXFileReference; lastKnownFileType = file.storyboard; name = Base; path = Base.lproj/Main.storyboard; sourceTree = "<group>"; };
		866F0AC926EAB6240035DE81 /* Assets.xcassets */ = {isa = PBXFileReference; lastKnownFileType = folder.assetcatalog; path = Assets.xcassets; sourceTree = "<group>"; };
		866F0ACC26EAB6240035DE81 /* Base */ = {isa = PBXFileReference; lastKnownFileType = file.storyboard; name = Base; path = Base.lproj/LaunchScreen.storyboard; sourceTree = "<group>"; };
		866F0ACE26EAB6240035DE81 /* Info.plist */ = {isa = PBXFileReference; lastKnownFileType = text.plist.xml; path = Info.plist; sourceTree = "<group>"; };
		866F0AD326EAB6250035DE81 /* FlixTests.xctest */ = {isa = PBXFileReference; explicitFileType = wrapper.cfbundle; includeInIndex = 0; path = FlixTests.xctest; sourceTree = BUILT_PRODUCTS_DIR; };
		866F0AD726EAB6250035DE81 /* FlixTests.swift */ = {isa = PBXFileReference; lastKnownFileType = sourcecode.swift; path = FlixTests.swift; sourceTree = "<group>"; };
		866F0AD926EAB6250035DE81 /* Info.plist */ = {isa = PBXFileReference; lastKnownFileType = text.plist.xml; path = Info.plist; sourceTree = "<group>"; };
		866F0ADE26EAB6250035DE81 /* FlixUITests.xctest */ = {isa = PBXFileReference; explicitFileType = wrapper.cfbundle; includeInIndex = 0; path = FlixUITests.xctest; sourceTree = BUILT_PRODUCTS_DIR; };
		866F0AE226EAB6250035DE81 /* FlixUITests.swift */ = {isa = PBXFileReference; lastKnownFileType = sourcecode.swift; path = FlixUITests.swift; sourceTree = "<group>"; };
		866F0AE426EAB6250035DE81 /* Info.plist */ = {isa = PBXFileReference; lastKnownFileType = text.plist.xml; path = Info.plist; sourceTree = "<group>"; };
/* End PBXFileReference section */

/* Begin PBXFrameworksBuildPhase section */
		866F0ABA26EAB6200035DE81 /* Frameworks */ = {
			isa = PBXFrameworksBuildPhase;
			buildActionMask = 2147483647;
			files = (
			);
			runOnlyForDeploymentPostprocessing = 0;
		};
		866F0AD026EAB6250035DE81 /* Frameworks */ = {
			isa = PBXFrameworksBuildPhase;
			buildActionMask = 2147483647;
			files = (
			);
			runOnlyForDeploymentPostprocessing = 0;
		};
		866F0ADB26EAB6250035DE81 /* Frameworks */ = {
			isa = PBXFrameworksBuildPhase;
			buildActionMask = 2147483647;
			files = (
			);
			runOnlyForDeploymentPostprocessing = 0;
		};
/* End PBXFrameworksBuildPhase section */

/* Begin PBXGroup section */
		866F0AB426EAB6200035DE81 = {
			isa = PBXGroup;
			children = (
				866F0ABF26EAB6200035DE81 /* Flix */,
				866F0AD626EAB6250035DE81 /* FlixTests */,
				866F0AE126EAB6250035DE81 /* FlixUITests */,
				866F0ABE26EAB6200035DE81 /* Products */,
			);
			sourceTree = "<group>";
		};
		866F0ABE26EAB6200035DE81 /* Products */ = {
			isa = PBXGroup;
			children = (
				866F0ABD26EAB6200035DE81 /* Flix.app */,
				866F0AD326EAB6250035DE81 /* FlixTests.xctest */,
				866F0ADE26EAB6250035DE81 /* FlixUITests.xctest */,
			);
			name = Products;
			sourceTree = "<group>";
		};
		866F0ABF26EAB6200035DE81 /* Flix */ = {
			isa = PBXGroup;
			children = (
				866F0AC026EAB6200035DE81 /* AppDelegate.swift */,
				866F0AC226EAB6200035DE81 /* SceneDelegate.swift */,
				866F0AC426EAB6200035DE81 /* ViewController.swift */,
				866F0AC626EAB6200035DE81 /* Main.storyboard */,
				866F0AC926EAB6240035DE81 /* Assets.xcassets */,
				866F0ACB26EAB6240035DE81 /* LaunchScreen.storyboard */,
				866F0ACE26EAB6240035DE81 /* Info.plist */,
			);
			path = Flix;
			sourceTree = "<group>";
		};
		866F0AD626EAB6250035DE81 /* FlixTests */ = {
			isa = PBXGroup;
			children = (
				866F0AD726EAB6250035DE81 /* FlixTests.swift */,
				866F0AD926EAB6250035DE81 /* Info.plist */,
			);
			path = FlixTests;
			sourceTree = "<group>";
		};
		866F0AE126EAB6250035DE81 /* FlixUITests */ = {
			isa = PBXGroup;
			children = (
				866F0AE226EAB6250035DE81 /* FlixUITests.swift */,
				866F0AE426EAB6250035DE81 /* Info.plist */,
			);
			path = FlixUITests;
			sourceTree = "<group>";
		};
/* End PBXGroup section */

/* Begin PBXNativeTarget section */
		866F0ABC26EAB6200035DE81 /* Flix */ = {
			isa = PBXNativeTarget;
			buildConfigurationList = 866F0AE726EAB6250035DE81 /* Build configuration list for PBXNativeTarget "Flix" */;
			buildPhases = (
				866F0AB926EAB6200035DE81 /* Sources */,
				866F0ABA26EAB6200035DE81 /* Frameworks */,
				866F0ABB26EAB6200035DE81 /* Resources */,
			);
			buildRules = (
			);
			dependencies = (
			);
			name = Flix;
			productName = Flix;
			productReference = 866F0ABD26EAB6200035DE81 /* Flix.app */;
			productType = "com.apple.product-type.application";
		};
		866F0AD226EAB6250035DE81 /* FlixTests */ = {
			isa = PBXNativeTarget;
			buildConfigurationList = 866F0AEA26EAB6250035DE81 /* Build configuration list for PBXNativeTarget "FlixTests" */;
			buildPhases = (
				866F0ACF26EAB6250035DE81 /* Sources */,
				866F0AD026EAB6250035DE81 /* Frameworks */,
				866F0AD126EAB6250035DE81 /* Resources */,
			);
			buildRules = (
			);
			dependencies = (
				866F0AD526EAB6250035DE81 /* PBXTargetDependency */,
			);
			name = FlixTests;
			productName = FlixTests;
			productReference = 866F0AD326EAB6250035DE81 /* FlixTests.xctest */;
			productType = "com.apple.product-type.bundle.unit-test";
		};
		866F0ADD26EAB6250035DE81 /* FlixUITests */ = {
			isa = PBXNativeTarget;
			buildConfigurationList = 866F0AED26EAB6250035DE81 /* Build configuration list for PBXNativeTarget "FlixUITests" */;
			buildPhases = (
				866F0ADA26EAB6250035DE81 /* Sources */,
				866F0ADB26EAB6250035DE81 /* Frameworks */,
				866F0ADC26EAB6250035DE81 /* Resources */,
			);
			buildRules = (
			);
			dependencies = (
				866F0AE026EAB6250035DE81 /* PBXTargetDependency */,
			);
			name = FlixUITests;
			productName = FlixUITests;
			productReference = 866F0ADE26EAB6250035DE81 /* FlixUITests.xctest */;
			productType = "com.apple.product-type.bundle.ui-testing";
		};
/* End PBXNativeTarget section */

/* Begin PBXProject section */
		866F0AB526EAB6200035DE81 /* Project object */ = {
			isa = PBXProject;
			attributes = {
				LastSwiftUpdateCheck = 1250;
				LastUpgradeCheck = 1250;
				TargetAttributes = {
					866F0ABC26EAB6200035DE81 = {
						CreatedOnToolsVersion = 12.5.1;
					};
					866F0AD226EAB6250035DE81 = {
						CreatedOnToolsVersion = 12.5.1;
						TestTargetID = 866F0ABC26EAB6200035DE81;
					};
					866F0ADD26EAB6250035DE81 = {
						CreatedOnToolsVersion = 12.5.1;
						TestTargetID = 866F0ABC26EAB6200035DE81;
					};
				};
			};
			buildConfigurationList = 866F0AB826EAB6200035DE81 /* Build configuration list for PBXProject "Flix" */;
			compatibilityVersion = "Xcode 9.3";
			developmentRegion = en;
			hasScannedForEncodings = 0;
			knownRegions = (
				en,
				Base,
			);
			mainGroup = 866F0AB426EAB6200035DE81;
			productRefGroup = 866F0ABE26EAB6200035DE81 /* Products */;
			projectDirPath = "";
			projectRoot = "";
			targets = (
				866F0ABC26EAB6200035DE81 /* Flix */,
				866F0AD226EAB6250035DE81 /* FlixTests */,
				866F0ADD26EAB6250035DE81 /* FlixUITests */,
			);
		};
/* End PBXProject section */

/* Begin PBXResourcesBuildPhase section */
		866F0ABB26EAB6200035DE81 /* Resources */ = {
			isa = PBXResourcesBuildPhase;
			buildActionMask = 2147483647;
			files = (
				866F0ACD26EAB6240035DE81 /* LaunchScreen.storyboard in Resources */,
				866F0ACA26EAB6240035DE81 /* Assets.xcassets in Resources */,
				866F0AC826EAB6200035DE81 /* Main.storyboard in Resources */,
			);
			runOnlyForDeploymentPostprocessing = 0;
		};
		866F0AD126EAB6250035DE81 /* Resources */ = {
			isa = PBXResourcesBuildPhase;
			buildActionMask = 2147483647;
			files = (
			);
			runOnlyForDeploymentPostprocessing = 0;
		};
		866F0ADC26EAB6250035DE81 /* Resources */ = {
			isa = PBXResourcesBuildPhase;
			buildActionMask = 2147483647;
			files = (
			);
			runOnlyForDeploymentPostprocessing = 0;
		};
/* End PBXResourcesBuildPhase section */

/* Begin PBXSourcesBuildPhase section */
		866F0AB926EAB6200035DE81 /* Sources */ = {
			isa = PBXSourcesBuildPhase;
			buildActionMask = 2147483647;
			files = (
				866F0AC526EAB6200035DE81 /* ViewController.swift in Sources */,
				866F0AC126EAB6200035DE81 /* AppDelegate.swift in Sources */,
				866F0AC326EAB6200035DE81 /* SceneDelegate.swift in Sources */,
			);
			runOnlyForDeploymentPostprocessing = 0;
		};
		866F0ACF26EAB6250035DE81 /* Sources */ = {
			isa = PBXSourcesBuildPhase;
			buildActionMask = 2147483647;
			files = (
				866F0AD826EAB6250035DE81 /* FlixTests.swift in Sources */,
			);
			runOnlyForDeploymentPostprocessing = 0;
		};
		866F0ADA26EAB6250035DE81 /* Sources */ = {
			isa = PBXSourcesBuildPhase;
			buildActionMask = 2147483647;
			files = (
				866F0AE326EAB6250035DE81 /* FlixUITests.swift in Sources */,
			);
			runOnlyForDeploymentPostprocessing = 0;
		};
/* End PBXSourcesBuildPhase section */

/* Begin PBXTargetDependency section */
		866F0AD526EAB6250035DE81 /* PBXTargetDependency */ = {
			isa = PBXTargetDependency;
			target = 866F0ABC26EAB6200035DE81 /* Flix */;
			targetProxy = 866F0AD426EAB6250035DE81 /* PBXContainerItemProxy */;
		};
		866F0AE026EAB6250035DE81 /* PBXTargetDependency */ = {
			isa = PBXTargetDependency;
			target = 866F0ABC26EAB6200035DE81 /* Flix */;
			targetProxy = 866F0ADF26EAB6250035DE81 /* PBXContainerItemProxy */;
		};
/* End PBXTargetDependency section */

/* Begin PBXVariantGroup section */
		866F0AC626EAB6200035DE81 /* Main.storyboard */ = {
			isa = PBXVariantGroup;
			children = (
				866F0AC726EAB6200035DE81 /* Base */,
			);
			name = Main.storyboard;
			sourceTree = "<group>";
		};
		866F0ACB26EAB6240035DE81 /* LaunchScreen.storyboard */ = {
			isa = PBXVariantGroup;
			children = (
				866F0ACC26EAB6240035DE81 /* Base */,
			);
			name = LaunchScreen.storyboard;
			sourceTree = "<group>";
		};
/* End PBXVariantGroup section */

/* Begin XCBuildConfiguration section */
		866F0AE526EAB6250035DE81 /* Debug */ = {
			isa = XCBuildConfiguration;
			buildSettings = {
				ALWAYS_SEARCH_USER_PATHS = NO;
				CLANG_ANALYZER_NONNULL = YES;
				CLANG_ANALYZER_NUMBER_OBJECT_CONVERSION = YES_AGGRESSIVE;
				CLANG_CXX_LANGUAGE_STANDARD = "gnu++14";
				CLANG_CXX_LIBRARY = "libc++";
				CLANG_ENABLE_MODULES = YES;
				CLANG_ENABLE_OBJC_ARC = YES;
				CLANG_ENABLE_OBJC_WEAK = YES;
				CLANG_WARN_BLOCK_CAPTURE_AUTORELEASING = YES;
				CLANG_WARN_BOOL_CONVERSION = YES;
				CLANG_WARN_COMMA = YES;
				CLANG_WARN_CONSTANT_CONVERSION = YES;
				CLANG_WARN_DEPRECATED_OBJC_IMPLEMENTATIONS = YES;
				CLANG_WARN_DIRECT_OBJC_ISA_USAGE = YES_ERROR;
				CLANG_WARN_DOCUMENTATION_COMMENTS = YES;
				CLANG_WARN_EMPTY_BODY = YES;
				CLANG_WARN_ENUM_CONVERSION = YES;
				CLANG_WARN_INFINITE_RECURSION = YES;
				CLANG_WARN_INT_CONVERSION = YES;
				CLANG_WARN_NON_LITERAL_NULL_CONVERSION = YES;
				CLANG_WARN_OBJC_IMPLICIT_RETAIN_SELF = YES;
				CLANG_WARN_OBJC_LITERAL_CONVERSION = YES;
				CLANG_WARN_OBJC_ROOT_CLASS = YES_ERROR;
				CLANG_WARN_QUOTED_INCLUDE_IN_FRAMEWORK_HEADER = YES;
				CLANG_WARN_RANGE_LOOP_ANALYSIS = YES;
				CLANG_WARN_STRICT_PROTOTYPES = YES;
				CLANG_WARN_SUSPICIOUS_MOVE = YES;
				CLANG_WARN_UNGUARDED_AVAILABILITY = YES_AGGRESSIVE;
				CLANG_WARN_UNREACHABLE_CODE = YES;
				CLANG_WARN__DUPLICATE_METHOD_MATCH = YES;
				COPY_PHASE_STRIP = NO;
				DEBUG_INFORMATION_FORMAT = dwarf;
				ENABLE_STRICT_OBJC_MSGSEND = YES;
				ENABLE_TESTABILITY = YES;
				GCC_C_LANGUAGE_STANDARD = gnu11;
				GCC_DYNAMIC_NO_PIC = NO;
				GCC_NO_COMMON_BLOCKS = YES;
				GCC_OPTIMIZATION_LEVEL = 0;
				GCC_PREPROCESSOR_DEFINITIONS = (
					"DEBUG=1",
					"$(inherited)",
				);
				GCC_WARN_64_TO_32_BIT_CONVERSION = YES;
				GCC_WARN_ABOUT_RETURN_TYPE = YES_ERROR;
				GCC_WARN_UNDECLARED_SELECTOR = YES;
				GCC_WARN_UNINITIALIZED_AUTOS = YES_AGGRESSIVE;
				GCC_WARN_UNUSED_FUNCTION = YES;
				GCC_WARN_UNUSED_VARIABLE = YES;
				IPHONEOS_DEPLOYMENT_TARGET = 14.5;
				MTL_ENABLE_DEBUG_INFO = INCLUDE_SOURCE;
				MTL_FAST_MATH = YES;
				ONLY_ACTIVE_ARCH = YES;
				SDKROOT = iphoneos;
				SWIFT_ACTIVE_COMPILATION_CONDITIONS = DEBUG;
				SWIFT_OPTIMIZATION_LEVEL = "-Onone";
			};
			name = Debug;
		};
		866F0AE626EAB6250035DE81 /* Release */ = {
			isa = XCBuildConfiguration;
			buildSettings = {
				ALWAYS_SEARCH_USER_PATHS = NO;
				CLANG_ANALYZER_NONNULL = YES;
				CLANG_ANALYZER_NUMBER_OBJECT_CONVERSION = YES_AGGRESSIVE;
				CLANG_CXX_LANGUAGE_STANDARD = "gnu++14";
				CLANG_CXX_LIBRARY = "libc++";
				CLANG_ENABLE_MODULES = YES;
				CLANG_ENABLE_OBJC_ARC = YES;
				CLANG_ENABLE_OBJC_WEAK = YES;
				CLANG_WARN_BLOCK_CAPTURE_AUTORELEASING = YES;
				CLANG_WARN_BOOL_CONVERSION = YES;
				CLANG_WARN_COMMA = YES;
				CLANG_WARN_CONSTANT_CONVERSION = YES;
				CLANG_WARN_DEPRECATED_OBJC_IMPLEMENTATIONS = YES;
				CLANG_WARN_DIRECT_OBJC_ISA_USAGE = YES_ERROR;
				CLANG_WARN_DOCUMENTATION_COMMENTS = YES;
				CLANG_WARN_EMPTY_BODY = YES;
				CLANG_WARN_ENUM_CONVERSION = YES;
				CLANG_WARN_INFINITE_RECURSION = YES;
				CLANG_WARN_INT_CONVERSION = YES;
				CLANG_WARN_NON_LITERAL_NULL_CONVERSION = YES;
				CLANG_WARN_OBJC_IMPLICIT_RETAIN_SELF = YES;
				CLANG_WARN_OBJC_LITERAL_CONVERSION = YES;
				CLANG_WARN_OBJC_ROOT_CLASS = YES_ERROR;
				CLANG_WARN_QUOTED_INCLUDE_IN_FRAMEWORK_HEADER = YES;
				CLANG_WARN_RANGE_LOOP_ANALYSIS = YES;
				CLANG_WARN_STRICT_PROTOTYPES = YES;
				CLANG_WARN_SUSPICIOUS_MOVE = YES;
				CLANG_WARN_UNGUARDED_AVAILABILITY = YES_AGGRESSIVE;
				CLANG_WARN_UNREACHABLE_CODE = YES;
				CLANG_WARN__DUPLICATE_METHOD_MATCH = YES;
				COPY_PHASE_STRIP = NO;
				DEBUG_INFORMATION_FORMAT = "dwarf-with-dsym";
				ENABLE_NS_ASSERTIONS = NO;
				ENABLE_STRICT_OBJC_MSGSEND = YES;
				GCC_C_LANGUAGE_STANDARD = gnu11;
				GCC_NO_COMMON_BLOCKS = YES;
				GCC_WARN_64_TO_32_BIT_CONVERSION = YES;
				GCC_WARN_ABOUT_RETURN_TYPE = YES_ERROR;
				GCC_WARN_UNDECLARED_SELECTOR = YES;
				GCC_WARN_UNINITIALIZED_AUTOS = YES_AGGRESSIVE;
				GCC_WARN_UNUSED_FUNCTION = YES;
				GCC_WARN_UNUSED_VARIABLE = YES;
				IPHONEOS_DEPLOYMENT_TARGET = 14.5;
				MTL_ENABLE_DEBUG_INFO = NO;
				MTL_FAST_MATH = YES;
				SDKROOT = iphoneos;
				SWIFT_COMPILATION_MODE = wholemodule;
				SWIFT_OPTIMIZATION_LEVEL = "-O";
				VALIDATE_PRODUCT = YES;
			};
			name = Release;
		};
		866F0AE826EAB6250035DE81 /* Debug */ = {
			isa = XCBuildConfiguration;
			buildSettings = {
				ASSETCATALOG_COMPILER_APPICON_NAME = AppIcon;
				ASSETCATALOG_COMPILER_GLOBAL_ACCENT_COLOR_NAME = AccentColor;
				CODE_SIGN_STYLE = Automatic;
				INFOPLIST_FILE = Flix/Info.plist;
				LD_RUNPATH_SEARCH_PATHS = (
					"$(inherited)",
					"@executable_path/Frameworks",
				);
				PRODUCT_BUNDLE_IDENTIFIER = nikkimay09.Flix;
				PRODUCT_NAME = "$(TARGET_NAME)";
				SWIFT_VERSION = 5.0;
				TARGETED_DEVICE_FAMILY = "1,2";
			};
			name = Debug;
		};
		866F0AE926EAB6250035DE81 /* Release */ = {
			isa = XCBuildConfiguration;
			buildSettings = {
				ASSETCATALOG_COMPILER_APPICON_NAME = AppIcon;
				ASSETCATALOG_COMPILER_GLOBAL_ACCENT_COLOR_NAME = AccentColor;
				CODE_SIGN_STYLE = Automatic;
				INFOPLIST_FILE = Flix/Info.plist;
				LD_RUNPATH_SEARCH_PATHS = (
					"$(inherited)",
					"@executable_path/Frameworks",
				);
				PRODUCT_BUNDLE_IDENTIFIER = nikkimay09.Flix;
				PRODUCT_NAME = "$(TARGET_NAME)";
				SWIFT_VERSION = 5.0;
				TARGETED_DEVICE_FAMILY = "1,2";
			};
			name = Release;
		};
		866F0AEB26EAB6250035DE81 /* Debug */ = {
			isa = XCBuildConfiguration;
			buildSettings = {
				ALWAYS_EMBED_SWIFT_STANDARD_LIBRARIES = YES;
				BUNDLE_LOADER = "$(TEST_HOST)";
				CODE_SIGN_STYLE = Automatic;
				INFOPLIST_FILE = FlixTests/Info.plist;
				IPHONEOS_DEPLOYMENT_TARGET = 14.5;
				LD_RUNPATH_SEARCH_PATHS = (
					"$(inherited)",
					"@executable_path/Frameworks",
					"@loader_path/Frameworks",
				);
				PRODUCT_BUNDLE_IDENTIFIER = nikkimay09.FlixTests;
				PRODUCT_NAME = "$(TARGET_NAME)";
				SWIFT_VERSION = 5.0;
				TARGETED_DEVICE_FAMILY = "1,2";
				TEST_HOST = "$(BUILT_PRODUCTS_DIR)/Flix.app/Flix";
			};
			name = Debug;
		};
		866F0AEC26EAB6250035DE81 /* Release */ = {
			isa = XCBuildConfiguration;
			buildSettings = {
				ALWAYS_EMBED_SWIFT_STANDARD_LIBRARIES = YES;
				BUNDLE_LOADER = "$(TEST_HOST)";
				CODE_SIGN_STYLE = Automatic;
				INFOPLIST_FILE = FlixTests/Info.plist;
				IPHONEOS_DEPLOYMENT_TARGET = 14.5;
				LD_RUNPATH_SEARCH_PATHS = (
					"$(inherited)",
					"@executable_path/Frameworks",
					"@loader_path/Frameworks",
				);
				PRODUCT_BUNDLE_IDENTIFIER = nikkimay09.FlixTests;
				PRODUCT_NAME = "$(TARGET_NAME)";
				SWIFT_VERSION = 5.0;
				TARGETED_DEVICE_FAMILY = "1,2";
				TEST_HOST = "$(BUILT_PRODUCTS_DIR)/Flix.app/Flix";
			};
			name = Release;
		};
		866F0AEE26EAB6250035DE81 /* Debug */ = {
			isa = XCBuildConfiguration;
			buildSettings = {
				ALWAYS_EMBED_SWIFT_STANDARD_LIBRARIES = YES;
				CODE_SIGN_STYLE = Automatic;
				INFOPLIST_FILE = FlixUITests/Info.plist;
				LD_RUNPATH_SEARCH_PATHS = (
					"$(inherited)",
					"@executable_path/Frameworks",
					"@loader_path/Frameworks",
				);
				PRODUCT_BUNDLE_IDENTIFIER = nikkimay09.FlixUITests;
				PRODUCT_NAME = "$(TARGET_NAME)";
				SWIFT_VERSION = 5.0;
				TARGETED_DEVICE_FAMILY = "1,2";
				TEST_TARGET_NAME = Flix;
			};
			name = Debug;
		};
		866F0AEF26EAB6250035DE81 /* Release */ = {
			isa = XCBuildConfiguration;
			buildSettings = {
				ALWAYS_EMBED_SWIFT_STANDARD_LIBRARIES = YES;
				CODE_SIGN_STYLE = Automatic;
				INFOPLIST_FILE = FlixUITests/Info.plist;
				LD_RUNPATH_SEARCH_PATHS = (
					"$(inherited)",
					"@executable_path/Frameworks",
					"@loader_path/Frameworks",
				);
				PRODUCT_BUNDLE_IDENTIFIER = nikkimay09.FlixUITests;
				PRODUCT_NAME = "$(TARGET_NAME)";
				SWIFT_VERSION = 5.0;
				TARGETED_DEVICE_FAMILY = "1,2";
				TEST_TARGET_NAME = Flix;
			};
			name = Release;
		};
/* End XCBuildConfiguration section */

/* Begin XCConfigurationList section */
		866F0AB826EAB6200035DE81 /* Build configuration list for PBXProject "Flix" */ = {
			isa = XCConfigurationList;
			buildConfigurations = (
				866F0AE526EAB6250035DE81 /* Debug */,
				866F0AE626EAB6250035DE81 /* Release */,
			);
			defaultConfigurationIsVisible = 0;
			defaultConfigurationName = Release;
		};
		866F0AE726EAB6250035DE81 /* Build configuration list for PBXNativeTarget "Flix" */ = {
			isa = XCConfigurationList;
			buildConfigurations = (
				866F0AE826EAB6250035DE81 /* Debug */,
				866F0AE926EAB6250035DE81 /* Release */,
			);
			defaultConfigurationIsVisible = 0;
			defaultConfigurationName = Release;
		};
		866F0AEA26EAB6250035DE81 /* Build configuration list for PBXNativeTarget "FlixTests" */ = {
			isa = XCConfigurationList;
			buildConfigurations = (
				866F0AEB26EAB6250035DE81 /* Debug */,
				866F0AEC26EAB6250035DE81 /* Release */,
			);
			defaultConfigurationIsVisible = 0;
			defaultConfigurationName = Release;
		};
		866F0AED26EAB6250035DE81 /* Build configuration list for PBXNativeTarget "FlixUITests" */ = {
			isa = XCConfigurationList;
			buildConfigurations = (
				866F0AEE26EAB6250035DE81 /* Debug */,
				866F0AEF26EAB6250035DE81 /* Release */,
			);
			defaultConfigurationIsVisible = 0;
			defaultConfigurationName = Release;
		};
/* End XCConfigurationList section */
	};
	rootObject = 866F0AB526EAB6200035DE81 /* Project object */;
}
